
Microsoft Visual Studio Solution File, Format Version 12.00
# Visual Studio Version 16
VisualStudioVersion = 16.0.30621.155
MinimumVisualStudioVersion = 10.0.40219.1
Project("{FAE04EC0-301F-11D3-BF4B-00C04F79EFBC}") = "ViewChangeGoods", "ViewChangeGoods\ViewChangeGoods.csproj", "{60EC3D6A-982F-4C31-BA35-BC07CC25609D}"
EndProject
Project("{2150E333-8FDC-42A3-9474-1A3956D46DE8}") = "Solution Items", "Solution Items", "{771240C4-BA91-4E62-A864-174D5F0BC4FA}"
	ProjectSection(SolutionItems) = preProject
		.editorconfig = .editorconfig
	EndProjectSection
EndProject
Global
	GlobalSection(SolutionConfigurationPlatforms) = preSolution
		Debug|Any CPU = Debug|Any CPU
		Release|Any CPU = Release|Any CPU
	EndGlobalSection
	GlobalSection(ProjectConfigurationPlatforms) = postSolution
		{60EC3D6A-982F-4C31-BA35-BC07CC25609D}.Debug|Any CPU.ActiveCfg = Debug|Any CPU
		{60EC3D6A-982F-4C31-BA35-BC07CC25609D}.Debug|Any CPU.Build.0 = Debug|Any CPU
		{60EC3D6A-982F-4C31-BA35-BC07CC25609D}.Release|Any CPU.ActiveCfg = Release|Any CPU
		{60EC3D6A-982F-4C31-BA35-BC07CC25609D}.Release|Any CPU.Build.0 = Release|Any CPU
	EndGlobalSection
	GlobalSection(SolutionProperties) = preSolution
		HideSolutionNode = FALSE
	EndGlobalSection
	GlobalSection(ExtensibilityGlobals) = postSolution
		SolutionGuid = {26256116-8E60-4D67-9B2B-70D79185AD96}
	EndGlobalSection
EndGlobal
